# Stable source set. Every revision is immutable and the whole set was
# validated by firmware run 32127337205 before being committed here.
LOCK_SCHEMA=1

BUILDER_REPO=https://github.com/201821143044/gl-infra-builder-new.git
BUILDER_BRANCH=main
BUILDER_REV=bcf28a4224d1f3345e65d22272c8c198b24bb5ab
SIFLOWER_SDK_REV=d5ed0258fc22f60e00ec025b802d175f33da6e41
BASE_PACKAGES_REPO=https://github.com/openwrt/packages.git
BASE_PACKAGES_REV=1236ebb5051bcb4151d62c20fa001a1dc5178dde
BASE_LUCI_REPO=https://github.com/openwrt/luci.git
BASE_LUCI_REV=f64b1523447547032d5280fb0bcdde570f2ca913
BASE_ROUTING_REPO=https://github.com/openwrt/routing.git
BASE_ROUTING_REV=1b9d1c419f0ecefda51922a7845ab2183d6acd76
BASE_TELEPHONY_REPO=https://github.com/openwrt/telephony.git
BASE_TELEPHONY_REV=b9d7b321d15a44c5abb9e5d43a4ec78abfd9031b

GL_FEED_REPO=https://github.com/gl-inet/gl-feeds.git
GL_FEED_REV=55eb5e05ec82c21ac4e5b23530a3dafa86cf0a13
LUCI2_REPO=https://github.com/coolsnowwolf/luci.git
LUCI2_REV=9253314349c17ebdb593a77457582f779da4b862
PACKAGES2_REPO=https://github.com/coolsnowwolf/packages.git
PACKAGES2_REV=510dd6d4b9ea538c052ab743740e426da7d10ef1
PWPACKAGES_REPO=https://github.com/Openwrt-Passwall/openwrt-passwall-packages.git
PWPACKAGES_BRANCH=main
PWPACKAGES_REV=50de2d79993447258b1bc15a667a6fb1cd6e7222
PASSWALL_REPO=https://github.com/Openwrt-Passwall/openwrt-passwall.git
PASSWALL_BRANCH=main
PASSWALL_REV=2eb2b7e613bcde8e980e3ec5ffb836e2fb9769f5
HELLOWORLD_REPO=https://github.com/fw876/helloworld.git
HELLOWORLD_REV=2abdc9aa9e19607774dc9789709212b70b8607c6

GOLANG_REPO=https://github.com/sbwml/packages_lang_golang.git
GOLANG_BRANCH=26.x
GOLANG_REV=acfb28109a36ccf58e53e18486ea78903c8b84f0
ALIYUNDRIVE_REPO=https://github.com/messense/aliyundrive-webdav.git
ALIYUNDRIVE_BRANCH=main
ALIYUNDRIVE_REV=00caff62b55ae53327f1c8824b19b1c9532cc174
LEDE_REPO=https://github.com/coolsnowwolf/lede.git
LEDE_BRANCH=master
LEDE_REV=e6cc2bedf8745674d6f682bd1b1474bfb7aa81b9
OPENSSL_ENGINE_ORIGIN_REV=aef4c08d51b6d53e18756a05e08b856a0771b433
DEPENDENCIES_ORIGIN_REV=34f3d6053098ac4bdd5a0512f131ed2539fe0f89
ADGUARDHOME_REPO=https://github.com/kongfl888/luci-app-adguardhome.git
ADGUARDHOME_BRANCH=master
ADGUARDHOME_REV=7720cc0f481ab52661ba766793f19427cf329020
ARGON_REPO=https://github.com/jerrykuku/luci-theme-argon.git
ARGON_REV=d6dd165802938d455e4967aefd8a95e47773b5d7

PASSWALL_PKG_VERSION=26.8.12
PASSWALL_PKG_RELEASE=1
XRAY_PKG_VERSION=26.7.28
XRAY_PKG_RELEASE=1

LIBS_ZIP_SHA256=a82e1c783fc08b245094a250f56c317eed61f50f31fdfec173373d8197721ffe
BOARD_BLOB_SHA256=03711ac21e60ef59d3815e235eb721c0c22851b5410299411085aa6f2af45401
